// !$*UTF8*$!
{
	archiveVersion = 1;
	classes = {
	};
	objectVersion = 46;
	objects = {

/* Begin PBXBuildFile section */
		021CCA791C1E5F8D0052E11D /* main.m in Sources */ = {isa = PBXBuildFile; fileRef = 021CCA781C1E5F8D0052E11D /* main.m */; };
		021CCA7C1C1E5F8D0052E11D /* AppDelegate.m in Sources */ = {isa = PBXBuildFile; fileRef = 021CCA7B1C1E5F8D0052E11D /* AppDelegate.m */; };
		021CCA7F1C1E5F8D0052E11D /* ViewController.m in Sources */ = {isa = PBXBuildFile; fileRef = 021CCA7E1C1E5F8D0052E11D /* ViewController.m */; };
		021CCA821C1E5F8D0052E11D /* Main.storyboard in Resources */ = {isa = PBXBuildFile; fileRef = 021CCA801C1E5F8D0052E11D /* Main.storyboard */; };
		021CCA841C1E5F8D0052E11D /* Assets.xcassets in Resources */ = {isa = PBXBuildFile; fileRef = 021CCA831C1E5F8D0052E11D /* Assets.xcassets */; };
		021CCA871C1E5F8D0052E11D /* LaunchScreen.storyboard in Resources */ = {isa = PBXBuildFile; fileRef = 021CCA851C1E5F8D0052E11D /* LaunchScreen.storyboard */; };
/* End PBXBuildFile section */

/* Begin PBXFileReference section */
		021CCA741C1E5F8D0052E11D /* TomCat.app */ = {isa = PBXFileReference; explicitFileType = wrapper.application; includeInIndex = 0; path = TomCat.app; sourceTree = BUILT_PRODUCTS_DIR; };
		021CCA781C1E5F8D0052E11D /* main.m */ = {isa = PBXFileReference; lastKnownFileType = sourcecode.c.objc; path = main.m; sourceTree = "<group>"; };
		021CCA7A1C1E5F8D0052E11D /* AppDelegate.h */ = {isa = PBXFileReference; lastKnownFileType = sourcecode.c.h; path = AppDelegate.h; sourceTree = "<group>"; };
		021CCA7B1C1E5F8D0052E11D /* AppDelegate.m */ = {isa = PBXFileReference; lastKnownFileType = sourcecode.c.objc; path = AppDelegate.m; sourceTree = "<group>"; };
		021CCA7D1C1E5F8D0052E11D /* ViewController.h */ = {isa = PBXFileReference; lastKnownFileType = sourcecode.c.h; path = ViewController.h; sourceTree = "<group>"; };
		021CCA7E1C1E5F8D0052E11D /* ViewController.m */ = {isa = PBXFileReference; lastKnownFileType = sourcecode.c.objc; path = ViewController.m; sourceTree = "<group>"; };
		021CCA811C1E5F8D0052E11D /* Base */ = {isa = PBXFileReference; lastKnownFileType = file.storyboard; name = Base; path = Base.lproj/Main.storyboard; sourceTree = "<group>"; };
		021CCA831C1E5F8D0052E11D /* Assets.xcassets */ = {isa = PBXFileReference; lastKnownFileType = folder.assetcatalog; path = Assets.xcassets; sourceTree = "<group>"; };
		021CCA861C1E5F8D0052E11D /* Base */ = {isa = PBXFileReference; lastKnownFileType = file.storyboard; name = Base; path = Base.lproj/LaunchScreen.storyboard; sourceTree = "<group>"; };
		021CCA881C1E5F8D0052E11D /* Info.plist */ = {isa = PBXFileReference; lastKnownFileType = text.plist.xml; path = Info.plist; sourceTree = "<group>"; };
/* End PBXFileReference section */

/* Begin PBXFrameworksBuildPhase section */
		021CCA711C1E5F8D0052E11D /* Frameworks */ = {
			isa = PBXFrameworksBuildPhase;
			buildActionMask = 2147483647;
			files = (
			);
			runOnlyForDeploymentPostprocessing = 0;
		};
/* End PBXFrameworksBuildPhase section */

/* Begin PBXGroup section */
		021CCA6B1C1E5F8D0052E11D = {
			isa = PBXGroup;
			children = (
				021CCA761C1E5F8D0052E11D /* TomCat */,
				021CCA751C1E5F8D0052E11D /* Products */,
			);
			sourceTree = "<group>";
		};
		021CCA751C1E5F8D0052E11D /* Products */ = {
			isa = PBXGroup;
			children = (
				021CCA741C1E5F8D0052E11D /* TomCat.app */,
			);
			name = Products;
			sourceTree = "<group>";
		};
		021CCA761C1E5F8D0052E11D /* TomCat */ = {
			isa = PBXGroup;
			children = (
				021CCA7A1C1E5F8D0052E11D /* AppDelegate.h */,
				021CCA7B1C1E5F8D0052E11D /* AppDelegate.m */,
				021CCA7D1C1E5F8D0052E11D /* ViewController.h */,
				021CCA7E1C1E5F8D0052E11D /* ViewController.m */,
				021CCA801C1E5F8D0052E11D /* Main.storyboard */,
				021CCA831C1E5F8D0052E11D /* Assets.xcassets */,
				021CCA851C1E5F8D0052E11D /* LaunchScreen.storyboard */,
				021CCA881C1E5F8D0052E11D /* Info.plist */,
				021CCA771C1E5F8D0052E11D /* Supporting Files */,
			);
			path = TomCat;
			sourceTree = "<group>";
		};
		021CCA771C1E5F8D0052E11D /* Supporting Files */ = {
			isa = PBXGroup;
			children = (
				021CCA781C1E5F8D0052E11D /* main.m */,
			);
			name = "Supporting Files";
			sourceTree = "<group>";
		};
/* End PBXGroup section */

/* Begin PBXNativeTarget section */
		021CCA731C1E5F8D0052E11D /* TomCat */ = {
			isa = PBXNativeTarget;
			buildConfigurationList = 021CCA8B1C1E5F8D0052E11D /* Build configuration list for PBXNativeTarget "TomCat" */;
			buildPhases = (
				021CCA701C1E5F8D0052E11D /* Sources */,
				021CCA711C1E5F8D0052E11D /* Frameworks */,
				021CCA721C1E5F8D0052E11D /* Resources */,
			);
			buildRules = (
			);
			dependencies = (
			);
			name = TomCat;
			productName = TomCat;
			productReference = 021CCA741C1E5F8D0052E11D /* TomCat.app */;
			productType = "com.apple.product-type.application";
		};
/* End PBXNativeTarget section */

/* Begin PBXProject section */
		021CCA6C1C1E5F8D0052E11D /* Project object */ = {
			isa = PBXProject;
			attributes = {
				LastUpgradeCheck = 0700;
				ORGANIZATIONNAME = Miles;
				TargetAttributes = {
					021CCA731C1E5F8D0052E11D = {
						CreatedOnToolsVersion = 7.0;
					};
				};
			};
			buildConfigurationList = 021CCA6F1C1E5F8D0052E11D /* Build configuration list for PBXProject "TomCat" */;
			compatibilityVersion = "Xcode 3.2";
			developmentRegion = English;
			hasScannedForEncodings = 0;
			knownRegions = (
				en,
				Base,
			);
			mainGroup = 021CCA6B1C1E5F8D0052E11D;
			productRefGroup = 021CCA751C1E5F8D0052E11D /* Products */;
			projectDirPath = "";
			projectRoot = "";
			targets = (
				021CCA731C1E5F8D0052E11D /* TomCat */,
			);
		};
/* End PBXProject section */

/* Begin PBXResourcesBuildPhase section */
		021CCA721C1E5F8D0052E11D /* Resources */ = {
			isa = PBXResourcesBuildPhase;
			buildActionMask = 2147483647;
			files = (
				021CCA871C1E5F8D0052E11D /* LaunchScreen.storyboard in Resources */,
				021CCA841C1E5F8D0052E11D /* Assets.xcassets in Resources */,
				021CCA821C1E5F8D0052E11D /* Main.storyboard in Resources */,
			);
			runOnlyForDeploymentPostprocessing = 0;
		};
/* End PBXResourcesBuildPhase section */

/* Begin PBXSourcesBuildPhase section */
		021CCA701C1E5F8D0052E11D /* Sources */ = {
			isa = PBXSourcesBuildPhase;
			buildActionMask = 2147483647;
			files = (
				021CCA7F1C1E5F8D0052E11D /* ViewController.m in Sources */,
				021CCA7C1C1E5F8D0052E11D /* AppDelegate.m in Sources */,
				021CCA791C1E5F8D0052E11D /* main.m in Sources */,
			);
			runOnlyForDeploymentPostprocessing = 0;
		};
/* End PBXSourcesBuildPhase section */

/* Begin PBXVariantGroup section */
		021CCA801C1E5F8D0052E11D /* Main.storyboard */ = {
			isa = PBXVariantGroup;
			children = (
				021CCA811C1E5F8D0052E11D /* Base */,
			);
			name = Main.storyboard;
			sourceTree = "<group>";
		};
		021CCA851C1E5F8D0052E11D /* LaunchScreen.storyboard */ = {
			isa = PBXVariantGroup;
			children = (
				021CCA861C1E5F8D0052E11D /* Base */,
			);
			name = LaunchScreen.storyboard;
			sourceTree = "<group>";
		};
/* End PBXVariantGroup section */

/* Begin XCBuildConfiguration section */
		021CCA891C1E5F8D0052E11D /* Debug */ = {
			isa = XCBuildConfiguration;
			buildSettings = {
				ALWAYS_SEARCH_USER_PATHS = NO;
				CLANG_CXX_LANGUAGE_STANDARD = "gnu++0x";
				CLANG_CXX_LIBRARY = "libc++";
				CLANG_ENABLE_MODULES = YES;
				CLANG_ENABLE_OBJC_ARC = YES;
				CLANG_WARN_BOOL_CONVERSION = YES;
				CLANG_WARN_CONSTANT_CONVERSION = YES;
				CLANG_WARN_DIRECT_OBJC_ISA_USAGE = YES_ERROR;
				CLANG_WARN_EMPTY_BODY = YES;
				CLANG_WARN_ENUM_CONVERSION = YES;
				CLANG_WARN_INT_CONVERSION = YES;
				CLANG_WARN_OBJC_ROOT_CLASS = YES_ERROR;
				CLANG_WARN_UNREACHABLE_CODE = YES;
				CLANG_WARN__DUPLICATE_METHOD_MATCH = YES;
				"CODE_SIGN_IDENTITY[sdk=iphoneos*]" = "iPhone Developer";
				COPY_PHASE_STRIP = NO;
				DEBUG_INFORMATION_FORMAT = dwarf;
				ENABLE_STRICT_OBJC_MSGSEND = YES;
				ENABLE_TESTABILITY = YES;
				GCC_C_LANGUAGE_STANDARD = gnu99;
				GCC_DYNAMIC_NO_PIC = NO;
				GCC_NO_COMMON_BLOCKS = YES;
				GCC_OPTIMIZATION_LEVEL = 0;
				GCC_PREPROCESSOR_DEFINITIONS = (
					"DEBUG=1",
					"$(inherited)",
				);
				GCC_WARN_64_TO_32_BIT_CONVERSION = YES;
				GCC_WARN_ABOUT_RETURN_TYPE = YES_ERROR;
				GCC_WARN_UNDECLARED_SELECTOR = YES;
				GCC_WARN_UNINITIALIZED_AUTOS = YES_AGGRESSIVE;
				GCC_WARN_UNUSED_FUNCTION = YES;
				GCC_WARN_UNUSED_VARIABLE = YES;
				IPHONEOS_DEPLOYMENT_TARGET = 9.0;
				MTL_ENABLE_DEBUG_INFO = YES;
				ONLY_ACTIVE_ARCH = YES;
				SDKROOT = iphoneos;
			};
			name = Debug;
		};
		021CCA8A1C1E5F8D0052E11D /* Release */ = {
			isa = XCBuildConfiguration;
			buildSettings = {
				ALWAYS_SEARCH_USER_PATHS = NO;
				CLANG_CXX_LANGUAGE_STANDARD = "gnu++0x";
				CLANG_CXX_LIBRARY = "libc++";
				CLANG_ENABLE_MODULES = YES;
				CLANG_ENABLE_OBJC_ARC = YES;
				CLANG_WARN_BOOL_CONVERSION = YES;
				CLANG_WARN_CONSTANT_CONVERSION = YES;
				CLANG_WARN_DIRECT_OBJC_ISA_USAGE = YES_ERROR;
				CLANG_WARN_EMPTY_BODY = YES;
				CLANG_WARN_ENUM_CONVERSION = YES;
				CLANG_WARN_INT_CONVERSION = YES;
				CLANG_WARN_OBJC_ROOT_CLASS = YES_ERROR;
				CLANG_WARN_UNREACHABLE_CODE = YES;
				CLANG_WARN__DUPLICATE_METHOD_MATCH = YES;
				"CODE_SIGN_IDENTITY[sdk=iphoneos*]" = "iPhone Developer";
				COPY_PHASE_STRIP = NO;
				DEBUG_INFORMATION_FORMAT = "dwarf-with-dsym";
				ENABLE_NS_ASSERTIONS = NO;
				ENABLE_STRICT_OBJC_MSGSEND = YES;
				GCC_C_LANGUAGE_STANDARD = gnu99;
				GCC_NO_COMMON_BLOCKS = YES;
				GCC_WARN_64_TO_32_BIT_CONVERSION = YES;
				GCC_WARN_ABOUT_RETURN_TYPE = YES_ERROR;
				GCC_WARN_UNDECLARED_SELECTOR = YES;
				GCC_WARN_UNINITIALIZED_AUTOS = YES_AGGRESSIVE;
				GCC_WARN_UNUSED_FUNCTION = YES;
				GCC_WARN_UNUSED_VARIABLE = YES;
				IPHONEOS_DEPLOYMENT_TARGET = 9.0;
				MTL_ENABLE_DEBUG_INFO = NO;
				SDKROOT = iphoneos;
				VALIDATE_PRODUCT = YES;
			};
			name = Release;
		};
		021CCA8C1C1E5F8D0052E11D /* Debug */ = {
			isa = XCBuildConfiguration;
			buildSettings = {
				ASSETCATALOG_COMPILER_APPICON_NAME = AppIcon;
				INFOPLIST_FILE = TomCat/Info.plist;
				LD_RUNPATH_SEARCH_PATHS = "$(inherited) @executable_path/Frameworks";
				PRODUCT_BUNDLE_IDENTIFIER = com.baidu.TomCat;
				PRODUCT_NAME = "$(TARGET_NAME)";
			};
			name = Debug;
		};
		021CCA8D1C1E5F8D0052E11D /* Release */ = {
			isa = XCBuildConfiguration;
			buildSettings = {
				ASSETCATALOG_COMPILER_APPICON_NAME = AppIcon;
				INFOPLIST_FILE = TomCat/Info.plist;
				LD_RUNPATH_SEARCH_PATHS = "$(inherited) @executable_path/Frameworks";
				PRODUCT_BUNDLE_IDENTIFIER = com.baidu.TomCat;
				PRODUCT_NAME = "$(TARGET_NAME)";
			};
			name = Release;
		};
/* End XCBuildConfiguration section */

/* Begin XCConfigurationList section */
		021CCA6F1C1E5F8D0052E11D /* Build configuration list for PBXProject "TomCat" */ = {
			isa = XCConfigurationList;
			buildConfigurations = (
				021CCA891C1E5F8D0052E11D /* Debug */,
				021CCA8A1C1E5F8D0052E11D /* Release */,
			);
			defaultConfigurationIsVisible = 0;
			defaultConfigurationName = Release;
		};
		021CCA8B1C1E5F8D0052E11D /* Build configuration list for PBXNativeTarget "TomCat" */ = {
			isa = XCConfigurationList;
			buildConfigurations = (
				021CCA8C1C1E5F8D0052E11D /* Debug */,
				021CCA8D1C1E5F8D0052E11D /* Release */,
			);
			defaultConfigurationIsVisible = 0;
		};
/* End XCConfigurationList section */
	};
	rootObject = 021CCA6C1C1E5F8D0052E11D /* Project object */;
}
